PODS:
  - Masonry (1.1.0)
  - ReactiveObjC (3.1.1)
  - Yoga (1.14.0)
  - YogaKit (1.18.1):
    - Yoga (~> 1.14)

DEPENDENCIES:
  - Masonry (~> 1.1.0)
  - ReactiveObjC (~> 3.1.1)
  - YogaKit (~> 1.7)

SPEC REPOS:
  trunk:
    - Masonry
    - ReactiveObjC
    - Yoga
    - YogaKit

SPEC CHECKSUMS:
  Masonry: 678fab65091a9290e40e2832a55e7ab731aad201
  ReactiveObjC: 011caa393aa0383245f2dcf9bf02e86b80b36040
  Yoga: cff67a400f6b74dc38eb0bad4f156673d9aa980c
  YogaKit: f782866e155069a2cca2517aafea43200b01fd5a

PODFILE CHECKSUM: 09d54cc6776d72ab43a9b7c66731a87a37ea2624

COCOAPODS: 1.9.1
