// !$*UTF8*$!
{
	archiveVersion = 1;
	classes = {
	};
	objectVersion = 51;
	objects = {

/* Begin PBXBuildFile section */
		436886232283557CBEE1284E /* Pods_iOSDemo.framework in Frameworks */ = {isa = PBXBuildFile; fileRef = 3E66774820616B3F3631CD26 /* Pods_iOSDemo.framework */; };
		4491A7C7243C70780081732B /* AppDelegate.m in Sources */ = {isa = PBXBuildFile; fileRef = 4491A7C6243C70780081732B /* AppDelegate.m */; };
		4491A7CA243C70780081732B /* SceneDelegate.m in Sources */ = {isa = PBXBuildFile; fileRef = 4491A7C9243C70780081732B /* SceneDelegate.m */; };
		4491A7CD243C70780081732B /* ViewController.m in Sources */ = {isa = PBXBuildFile; fileRef = 4491A7CC243C70780081732B /* ViewController.m */; };
		4491A7D0243C70780081732B /* Main.storyboard in Resources */ = {isa = PBXBuildFile; fileRef = 4491A7CE243C70780081732B /* Main.storyboard */; };
		4491A7D2243C707C0081732B /* Assets.xcassets in Resources */ = {isa = PBXBuildFile; fileRef = 4491A7D1243C707C0081732B /* Assets.xcassets */; };
		4491A7D5243C707C0081732B /* LaunchScreen.storyboard in Resources */ = {isa = PBXBuildFile; fileRef = 4491A7D3243C707C0081732B /* LaunchScreen.storyboard */; };
		4491A7D8243C707C0081732B /* main.m in Sources */ = {isa = PBXBuildFile; fileRef = 4491A7D7243C707C0081732B /* main.m */; };
		4491A7E2243C707C0081732B /* iOSDemoTests.m in Sources */ = {isa = PBXBuildFile; fileRef = 4491A7E1243C707C0081732B /* iOSDemoTests.m */; };
		4491A7ED243C707C0081732B /* iOSDemoUITests.m in Sources */ = {isa = PBXBuildFile; fileRef = 4491A7EC243C707C0081732B /* iOSDemoUITests.m */; };
		4491A7FF243DA8770081732B /* YogaBase.swift in Sources */ = {isa = PBXBuildFile; fileRef = 4491A7FE243DA8770081732B /* YogaBase.swift */; };
		585C87E5062847CB8EF761A0 /* Pods_iOSDemo_iOSDemoUITests.framework in Frameworks */ = {isa = PBXBuildFile; fileRef = B11D1D3B51A8634F70FB60C2 /* Pods_iOSDemo_iOSDemoUITests.framework */; };
		A82C960142F36F681C48CA17 /* Pods_iOSDemoTests.framework in Frameworks */ = {isa = PBXBuildFile; fileRef = A4AD0C84F0FD7CD475377794 /* Pods_iOSDemoTests.framework */; };
/* End PBXBuildFile section */

/* Begin PBXContainerItemProxy section */
		4491A7DE243C707C0081732B /* PBXContainerItemProxy */ = {
			isa = PBXContainerItemProxy;
			containerPortal = 4491A7BA243C70780081732B /* Project object */;
			proxyType = 1;
			remoteGlobalIDString = 4491A7C1243C70780081732B;
			remoteInfo = iOSDemo;
		};
		4491A7E9243C707C0081732B /* PBXContainerItemProxy */ = {
			isa = PBXContainerItemProxy;
			containerPortal = 4491A7BA243C70780081732B /* Project object */;
			proxyType = 1;
			remoteGlobalIDString = 4491A7C1243C70780081732B;
			remoteInfo = iOSDemo;
		};
/* End PBXContainerItemProxy section */

/* Begin PBXFileReference section */
		3B4C1CC9FDE13C5E7AEEA58B /* Pods-iOSDemo.release.xcconfig */ = {isa = PBXFileReference; includeInIndex = 1; lastKnownFileType = text.xcconfig; name = "Pods-iOSDemo.release.xcconfig"; path = "Target Support Files/Pods-iOSDemo/Pods-iOSDemo.release.xcconfig"; sourceTree = "<group>"; };
		3E66774820616B3F3631CD26 /* Pods_iOSDemo.framework */ = {isa = PBXFileReference; explicitFileType = wrapper.framework; includeInIndex = 0; path = Pods_iOSDemo.framework; sourceTree = BUILT_PRODUCTS_DIR; };
		4491A7C2243C70780081732B /* iOSDemo.app */ = {isa = PBXFileReference; explicitFileType = wrapper.application; includeInIndex = 0; path = iOSDemo.app; sourceTree = BUILT_PRODUCTS_DIR; };
		4491A7C5243C70780081732B /* AppDelegate.h */ = {isa = PBXFileReference; lastKnownFileType = sourcecode.c.h; path = AppDelegate.h; sourceTree = "<group>"; };
		4491A7C6243C70780081732B /* AppDelegate.m */ = {isa = PBXFileReference; lastKnownFileType = sourcecode.c.objc; path = AppDelegate.m; sourceTree = "<group>"; };
		4491A7C8243C70780081732B /* SceneDelegate.h */ = {isa = PBXFileReference; lastKnownFileType = sourcecode.c.h; path = SceneDelegate.h; sourceTree = "<group>"; };
		4491A7C9243C70780081732B /* SceneDelegate.m */ = {isa = PBXFileReference; lastKnownFileType = sourcecode.c.objc; path = SceneDelegate.m; sourceTree = "<group>"; };
		4491A7CB243C70780081732B /* ViewController.h */ = {isa = PBXFileReference; lastKnownFileType = sourcecode.c.h; path = ViewController.h; sourceTree = "<group>"; };
		4491A7CC243C70780081732B /* ViewController.m */ = {isa = PBXFileReference; lastKnownFileType = sourcecode.c.objc; path = ViewController.m; sourceTree = "<group>"; };
		4491A7CF243C70780081732B /* Base */ = {isa = PBXFileReference; lastKnownFileType = file.storyboard; name = Base; path = Base.lproj/Main.storyboard; sourceTree = "<group>"; };
		4491A7D1243C707C0081732B /* Assets.xcassets */ = {isa = PBXFileReference; lastKnownFileType = folder.assetcatalog; path = Assets.xcassets; sourceTree = "<group>"; };
		4491A7D4243C707C0081732B /* Base */ = {isa = PBXFileReference; lastKnownFileType = file.storyboard; name = Base; path = Base.lproj/LaunchScreen.storyboard; sourceTree = "<group>"; };
		4491A7D6243C707C0081732B /* Info.plist */ = {isa = PBXFileReference; lastKnownFileType = text.plist.xml; path = Info.plist; sourceTree = "<group>"; };
		4491A7D7243C707C0081732B /* main.m */ = {isa = PBXFileReference; lastKnownFileType = sourcecode.c.objc; path = main.m; sourceTree = "<group>"; };
		4491A7DD243C707C0081732B /* iOSDemoTests.xctest */ = {isa = PBXFileReference; explicitFileType = wrapper.cfbundle; includeInIndex = 0; path = iOSDemoTests.xctest; sourceTree = BUILT_PRODUCTS_DIR; };
		4491A7E1243C707C0081732B /* iOSDemoTests.m */ = {isa = PBXFileReference; lastKnownFileType = sourcecode.c.objc; path = iOSDemoTests.m; sourceTree = "<group>"; };
		4491A7E3243C707C0081732B /* Info.plist */ = {isa = PBXFileReference; lastKnownFileType = text.plist.xml; path = Info.plist; sourceTree = "<group>"; };
		4491A7E8243C707C0081732B /* iOSDemoUITests.xctest */ = {isa = PBXFileReference; explicitFileType = wrapper.cfbundle; includeInIndex = 0; path = iOSDemoUITests.xctest; sourceTree = BUILT_PRODUCTS_DIR; };
		4491A7EC243C707C0081732B /* iOSDemoUITests.m */ = {isa = PBXFileReference; lastKnownFileType = sourcecode.c.objc; path = iOSDemoUITests.m; sourceTree = "<group>"; };
		4491A7EE243C707C0081732B /* Info.plist */ = {isa = PBXFileReference; lastKnownFileType = text.plist.xml; path = Info.plist; sourceTree = "<group>"; };
		4491A7FD243DA8770081732B /* iOSDemo-Bridging-Header.h */ = {isa = PBXFileReference; lastKnownFileType = sourcecode.c.h; path = "iOSDemo-Bridging-Header.h"; sourceTree = "<group>"; };
		4491A7FE243DA8770081732B /* YogaBase.swift */ = {isa = PBXFileReference; lastKnownFileType = sourcecode.swift; path = YogaBase.swift; sourceTree = "<group>"; };
		5E5522E065ECD4C9F78DDCDA /* Pods-iOSDemo.debug.xcconfig */ = {isa = PBXFileReference; includeInIndex = 1; lastKnownFileType = text.xcconfig; name = "Pods-iOSDemo.debug.xcconfig"; path = "Target Support Files/Pods-iOSDemo/Pods-iOSDemo.debug.xcconfig"; sourceTree = "<group>"; };
		7EC91574221F328C112D6E1E /* Pods-iOSDemoTests.release.xcconfig */ = {isa = PBXFileReference; includeInIndex = 1; lastKnownFileType = text.xcconfig; name = "Pods-iOSDemoTests.release.xcconfig"; path = "Target Support Files/Pods-iOSDemoTests/Pods-iOSDemoTests.release.xcconfig"; sourceTree = "<group>"; };
		A4AD0C84F0FD7CD475377794 /* Pods_iOSDemoTests.framework */ = {isa = PBXFileReference; explicitFileType = wrapper.framework; includeInIndex = 0; path = Pods_iOSDemoTests.framework; sourceTree = BUILT_PRODUCTS_DIR; };
		A9687E621D6B84C8119E3004 /* Pods-iOSDemo-iOSDemoUITests.release.xcconfig */ = {isa = PBXFileReference; includeInIndex = 1; lastKnownFileType = text.xcconfig; name = "Pods-iOSDemo-iOSDemoUITests.release.xcconfig"; path = "Target Support Files/Pods-iOSDemo-iOSDemoUITests/Pods-iOSDemo-iOSDemoUITests.release.xcconfig"; sourceTree = "<group>"; };
		B11D1D3B51A8634F70FB60C2 /* Pods_iOSDemo_iOSDemoUITests.framework */ = {isa = PBXFileReference; explicitFileType = wrapper.framework; includeInIndex = 0; path = Pods_iOSDemo_iOSDemoUITests.framework; sourceTree = BUILT_PRODUCTS_DIR; };
		B68DA01D8366A1516256ACDB /* Pods-iOSDemo-iOSDemoUITests.debug.xcconfig */ = {isa = PBXFileReference; includeInIndex = 1; lastKnownFileType = text.xcconfig; name = "Pods-iOSDemo-iOSDemoUITests.debug.xcconfig"; path = "Target Support Files/Pods-iOSDemo-iOSDemoUITests/Pods-iOSDemo-iOSDemoUITests.debug.xcconfig"; sourceTree = "<group>"; };
		C4F50B2BC2233E97679643EF /* Pods-iOSDemoTests.debug.xcconfig */ = {isa = PBXFileReference; includeInIndex = 1; lastKnownFileType = text.xcconfig; name = "Pods-iOSDemoTests.debug.xcconfig"; path = "Target Support Files/Pods-iOSDemoTests/Pods-iOSDemoTests.debug.xcconfig"; sourceTree = "<group>"; };
/* End PBXFileReference section */

/* Begin PBXFrameworksBuildPhase section */
		4491A7BF243C70780081732B /* Frameworks */ = {
			isa = PBXFrameworksBuildPhase;
			buildActionMask = 2147483647;
			files = (
				436886232283557CBEE1284E /* Pods_iOSDemo.framework in Frameworks */,
			);
			runOnlyForDeploymentPostprocessing = 0;
		};
		4491A7DA243C707C0081732B /* Frameworks */ = {
			isa = PBXFrameworksBuildPhase;
			buildActionMask = 2147483647;
			files = (
				A82C960142F36F681C48CA17 /* Pods_iOSDemoTests.framework in Frameworks */,
			);
			runOnlyForDeploymentPostprocessing = 0;
		};
		4491A7E5243C707C0081732B /* Frameworks */ = {
			isa = PBXFrameworksBuildPhase;
			buildActionMask = 2147483647;
			files = (
				585C87E5062847CB8EF761A0 /* Pods_iOSDemo_iOSDemoUITests.framework in Frameworks */,
			);
			runOnlyForDeploymentPostprocessing = 0;
		};
/* End PBXFrameworksBuildPhase section */

/* Begin PBXGroup section */
		21BC3A77DA6170B0968811F8 /* Pods */ = {
			isa = PBXGroup;
			children = (
				5E5522E065ECD4C9F78DDCDA /* Pods-iOSDemo.debug.xcconfig */,
				3B4C1CC9FDE13C5E7AEEA58B /* Pods-iOSDemo.release.xcconfig */,
				B68DA01D8366A1516256ACDB /* Pods-iOSDemo-iOSDemoUITests.debug.xcconfig */,
				A9687E621D6B84C8119E3004 /* Pods-iOSDemo-iOSDemoUITests.release.xcconfig */,
				C4F50B2BC2233E97679643EF /* Pods-iOSDemoTests.debug.xcconfig */,
				7EC91574221F328C112D6E1E /* Pods-iOSDemoTests.release.xcconfig */,
			);
			path = Pods;
			sourceTree = "<group>";
		};
		4491A7B9243C70780081732B = {
			isa = PBXGroup;
			children = (
				4491A7C4243C70780081732B /* iOSDemo */,
				4491A7E0243C707C0081732B /* iOSDemoTests */,
				4491A7EB243C707C0081732B /* iOSDemoUITests */,
				4491A7C3243C70780081732B /* Products */,
				21BC3A77DA6170B0968811F8 /* Pods */,
				E7B773039AE07101F06EA814 /* Frameworks */,
			);
			sourceTree = "<group>";
		};
		4491A7C3243C70780081732B /* Products */ = {
			isa = PBXGroup;
			children = (
				4491A7C2243C70780081732B /* iOSDemo.app */,
				4491A7DD243C707C0081732B /* iOSDemoTests.xctest */,
				4491A7E8243C707C0081732B /* iOSDemoUITests.xctest */,
			);
			name = Products;
			sourceTree = "<group>";
		};
		4491A7C4243C70780081732B /* iOSDemo */ = {
			isa = PBXGroup;
			children = (
				4491A7FC243DA7C50081732B /* YogaUsage */,
				4491A7C5243C70780081732B /* AppDelegate.h */,
				4491A7C6243C70780081732B /* AppDelegate.m */,
				4491A7C8243C70780081732B /* SceneDelegate.h */,
				4491A7C9243C70780081732B /* SceneDelegate.m */,
				4491A7CB243C70780081732B /* ViewController.h */,
				4491A7CC243C70780081732B /* ViewController.m */,
				4491A7CE243C70780081732B /* Main.storyboard */,
				4491A7D1243C707C0081732B /* Assets.xcassets */,
				4491A7D3243C707C0081732B /* LaunchScreen.storyboard */,
				4491A7D6243C707C0081732B /* Info.plist */,
				4491A7D7243C707C0081732B /* main.m */,
				4491A7FD243DA8770081732B /* iOSDemo-Bridging-Header.h */,
			);
			path = iOSDemo;
			sourceTree = "<group>";
		};
		4491A7E0243C707C0081732B /* iOSDemoTests */ = {
			isa = PBXGroup;
			children = (
				4491A7E1243C707C0081732B /* iOSDemoTests.m */,
				4491A7E3243C707C0081732B /* Info.plist */,
			);
			path = iOSDemoTests;
			sourceTree = "<group>";
		};
		4491A7EB243C707C0081732B /* iOSDemoUITests */ = {
			isa = PBXGroup;
			children = (
				4491A7EC243C707C0081732B /* iOSDemoUITests.m */,
				4491A7EE243C707C0081732B /* Info.plist */,
			);
			path = iOSDemoUITests;
			sourceTree = "<group>";
		};
		4491A7FC243DA7C50081732B /* YogaUsage */ = {
			isa = PBXGroup;
			children = (
				4491A7FE243DA8770081732B /* YogaBase.swift */,
			);
			path = YogaUsage;
			sourceTree = "<group>";
		};
		E7B773039AE07101F06EA814 /* Frameworks */ = {
			isa = PBXGroup;
			children = (
				3E66774820616B3F3631CD26 /* Pods_iOSDemo.framework */,
				B11D1D3B51A8634F70FB60C2 /* Pods_iOSDemo_iOSDemoUITests.framework */,
				A4AD0C84F0FD7CD475377794 /* Pods_iOSDemoTests.framework */,
			);
			name = Frameworks;
			sourceTree = "<group>";
		};
/* End PBXGroup section */

/* Begin PBXNativeTarget section */
		4491A7C1243C70780081732B /* iOSDemo */ = {
			isa = PBXNativeTarget;
			buildConfigurationList = 4491A7F1243C707C0081732B /* Build configuration list for PBXNativeTarget "iOSDemo" */;
			buildPhases = (
				6BC51F0C7AF3B8D81CAD207A /* [CP] Check Pods Manifest.lock */,
				4491A7BE243C70780081732B /* Sources */,
				4491A7BF243C70780081732B /* Frameworks */,
				4491A7C0243C70780081732B /* Resources */,
				8D55AD10725AD5AC653DC6C5 /* [CP] Embed Pods Frameworks */,
			);
			buildRules = (
			);
			dependencies = (
			);
			name = iOSDemo;
			productName = iOSDemo;
			productReference = 4491A7C2243C70780081732B /* iOSDemo.app */;
			productType = "com.apple.product-type.application";
		};
		4491A7DC243C707C0081732B /* iOSDemoTests */ = {
			isa = PBXNativeTarget;
			buildConfigurationList = 4491A7F4243C707C0081732B /* Build configuration list for PBXNativeTarget "iOSDemoTests" */;
			buildPhases = (
				BF912DCFC848996BDE637EA5 /* [CP] Check Pods Manifest.lock */,
				4491A7D9243C707C0081732B /* Sources */,
				4491A7DA243C707C0081732B /* Frameworks */,
				4491A7DB243C707C0081732B /* Resources */,
			);
			buildRules = (
			);
			dependencies = (
				4491A7DF243C707C0081732B /* PBXTargetDependency */,
			);
			name = iOSDemoTests;
			productName = iOSDemoTests;
			productReference = 4491A7DD243C707C0081732B /* iOSDemoTests.xctest */;
			productType = "com.apple.product-type.bundle.unit-test";
		};
		4491A7E7243C707C0081732B /* iOSDemoUITests */ = {
			isa = PBXNativeTarget;
			buildConfigurationList = 4491A7F7243C707C0081732B /* Build configuration list for PBXNativeTarget "iOSDemoUITests" */;
			buildPhases = (
				1D1916F93AD43379046F97A5 /* [CP] Check Pods Manifest.lock */,
				4491A7E4243C707C0081732B /* Sources */,
				4491A7E5243C707C0081732B /* Frameworks */,
				4491A7E6243C707C0081732B /* Resources */,
				A586E2239CDD34BAC7A4D021 /* [CP] Embed Pods Frameworks */,
			);
			buildRules = (
			);
			dependencies = (
				4491A7EA243C707C0081732B /* PBXTargetDependency */,
			);
			name = iOSDemoUITests;
			productName = iOSDemoUITests;
			productReference = 4491A7E8243C707C0081732B /* iOSDemoUITests.xctest */;
			productType = "com.apple.product-type.bundle.ui-testing";
		};
/* End PBXNativeTarget section */

/* Begin PBXProject section */
		4491A7BA243C70780081732B /* Project object */ = {
			isa = PBXProject;
			attributes = {
				LastUpgradeCheck = 1140;
				ORGANIZATIONNAME = lance;
				TargetAttributes = {
					4491A7C1243C70780081732B = {
						CreatedOnToolsVersion = 11.4;
						LastSwiftMigration = 1140;
					};
					4491A7DC243C707C0081732B = {
						CreatedOnToolsVersion = 11.4;
						TestTargetID = 4491A7C1243C70780081732B;
					};
					4491A7E7243C707C0081732B = {
						CreatedOnToolsVersion = 11.4;
						TestTargetID = 4491A7C1243C70780081732B;
					};
				};
			};
			buildConfigurationList = 4491A7BD243C70780081732B /* Build configuration list for PBXProject "iOSDemo" */;
			compatibilityVersion = "Xcode 9.3";
			developmentRegion = en;
			hasScannedForEncodings = 0;
			knownRegions = (
				en,
				Base,
			);
			mainGroup = 4491A7B9243C70780081732B;
			productRefGroup = 4491A7C3243C70780081732B /* Products */;
			projectDirPath = "";
			projectRoot = "";
			targets = (
				4491A7C1243C70780081732B /* iOSDemo */,
				4491A7DC243C707C0081732B /* iOSDemoTests */,
				4491A7E7243C707C0081732B /* iOSDemoUITests */,
			);
		};
/* End PBXProject section */

/* Begin PBXResourcesBuildPhase section */
		4491A7C0243C70780081732B /* Resources */ = {
			isa = PBXResourcesBuildPhase;
			buildActionMask = 2147483647;
			files = (
				4491A7D5243C707C0081732B /* LaunchScreen.storyboard in Resources */,
				4491A7D2243C707C0081732B /* Assets.xcassets in Resources */,
				4491A7D0243C70780081732B /* Main.storyboard in Resources */,
			);
			runOnlyForDeploymentPostprocessing = 0;
		};
		4491A7DB243C707C0081732B /* Resources */ = {
			isa = PBXResourcesBuildPhase;
			buildActionMask = 2147483647;
			files = (
			);
			runOnlyForDeploymentPostprocessing = 0;
		};
		4491A7E6243C707C0081732B /* Resources */ = {
			isa = PBXResourcesBuildPhase;
			buildActionMask = 2147483647;
			files = (
			);
			runOnlyForDeploymentPostprocessing = 0;
		};
/* End PBXResourcesBuildPhase section */

/* Begin PBXShellScriptBuildPhase section */
		1D1916F93AD43379046F97A5 /* [CP] Check Pods Manifest.lock */ = {
			isa = PBXShellScriptBuildPhase;
			buildActionMask = 2147483647;
			files = (
			);
			inputFileListPaths = (
			);
			inputPaths = (
				"${PODS_PODFILE_DIR_PATH}/Podfile.lock",
				"${PODS_ROOT}/Manifest.lock",
			);
			name = "[CP] Check Pods Manifest.lock";
			outputFileListPaths = (
			);
			outputPaths = (
				"$(DERIVED_FILE_DIR)/Pods-iOSDemo-iOSDemoUITests-checkManifestLockResult.txt",
			);
			runOnlyForDeploymentPostprocessing = 0;
			shellPath = /bin/sh;
			shellScript = "diff \"${PODS_PODFILE_DIR_PATH}/Podfile.lock\" \"${PODS_ROOT}/Manifest.lock\" > /dev/null\nif [ $? != 0 ] ; then\n    # print error to STDERR\n    echo \"error: The sandbox is not in sync with the Podfile.lock. Run 'pod install' or update your CocoaPods installation.\" >&2\n    exit 1\nfi\n# This output is used by Xcode 'outputs' to avoid re-running this script phase.\necho \"SUCCESS\" > \"${SCRIPT_OUTPUT_FILE_0}\"\n";
			showEnvVarsInLog = 0;
		};
		6BC51F0C7AF3B8D81CAD207A /* [CP] Check Pods Manifest.lock */ = {
			isa = PBXShellScriptBuildPhase;
			buildActionMask = 2147483647;
			files = (
			);
			inputFileListPaths = (
			);
			inputPaths = (
				"${PODS_PODFILE_DIR_PATH}/Podfile.lock",
				"${PODS_ROOT}/Manifest.lock",
			);
			name = "[CP] Check Pods Manifest.lock";
			outputFileListPaths = (
			);
			outputPaths = (
				"$(DERIVED_FILE_DIR)/Pods-iOSDemo-checkManifestLockResult.txt",
			);
			runOnlyForDeploymentPostprocessing = 0;
			shellPath = /bin/sh;
			shellScript = "diff \"${PODS_PODFILE_DIR_PATH}/Podfile.lock\" \"${PODS_ROOT}/Manifest.lock\" > /dev/null\nif [ $? != 0 ] ; then\n    # print error to STDERR\n    echo \"error: The sandbox is not in sync with the Podfile.lock. Run 'pod install' or update your CocoaPods installation.\" >&2\n    exit 1\nfi\n# This output is used by Xcode 'outputs' to avoid re-running this script phase.\necho \"SUCCESS\" > \"${SCRIPT_OUTPUT_FILE_0}\"\n";
			showEnvVarsInLog = 0;
		};
		8D55AD10725AD5AC653DC6C5 /* [CP] Embed Pods Frameworks */ = {
			isa = PBXShellScriptBuildPhase;
			buildActionMask = 2147483647;
			files = (
			);
			inputFileListPaths = (
				"${PODS_ROOT}/Target Support Files/Pods-iOSDemo/Pods-iOSDemo-frameworks-${CONFIGURATION}-input-files.xcfilelist",
			);
			name = "[CP] Embed Pods Frameworks";
			outputFileListPaths = (
				"${PODS_ROOT}/Target Support Files/Pods-iOSDemo/Pods-iOSDemo-frameworks-${CONFIGURATION}-output-files.xcfilelist",
			);
			runOnlyForDeploymentPostprocessing = 0;
			shellPath = /bin/sh;
			shellScript = "\"${PODS_ROOT}/Target Support Files/Pods-iOSDemo/Pods-iOSDemo-frameworks.sh\"\n";
			showEnvVarsInLog = 0;
		};
		A586E2239CDD34BAC7A4D021 /* [CP] Embed Pods Frameworks */ = {
			isa = PBXShellScriptBuildPhase;
			buildActionMask = 2147483647;
			files = (
			);
			inputFileListPaths = (
				"${PODS_ROOT}/Target Support Files/Pods-iOSDemo-iOSDemoUITests/Pods-iOSDemo-iOSDemoUITests-frameworks-${CONFIGURATION}-input-files.xcfilelist",
			);
			name = "[CP] Embed Pods Frameworks";
			outputFileListPaths = (
				"${PODS_ROOT}/Target Support Files/Pods-iOSDemo-iOSDemoUITests/Pods-iOSDemo-iOSDemoUITests-frameworks-${CONFIGURATION}-output-files.xcfilelist",
			);
			runOnlyForDeploymentPostprocessing = 0;
			shellPath = /bin/sh;
			shellScript = "\"${PODS_ROOT}/Target Support Files/Pods-iOSDemo-iOSDemoUITests/Pods-iOSDemo-iOSDemoUITests-frameworks.sh\"\n";
			showEnvVarsInLog = 0;
		};
		BF912DCFC848996BDE637EA5 /* [CP] Check Pods Manifest.lock */ = {
			isa = PBXShellScriptBuildPhase;
			buildActionMask = 2147483647;
			files = (
			);
			inputFileListPaths = (
			);
			inputPaths = (
				"${PODS_PODFILE_DIR_PATH}/Podfile.lock",
				"${PODS_ROOT}/Manifest.lock",
			);
			name = "[CP] Check Pods Manifest.lock";
			outputFileListPaths = (
			);
			outputPaths = (
				"$(DERIVED_FILE_DIR)/Pods-iOSDemoTests-checkManifestLockResult.txt",
			);
			runOnlyForDeploymentPostprocessing = 0;
			shellPath = /bin/sh;
			shellScript = "diff \"${PODS_PODFILE_DIR_PATH}/Podfile.lock\" \"${PODS_ROOT}/Manifest.lock\" > /dev/null\nif [ $? != 0 ] ; then\n    # print error to STDERR\n    echo \"error: The sandbox is not in sync with the Podfile.lock. Run 'pod install' or update your CocoaPods installation.\" >&2\n    exit 1\nfi\n# This output is used by Xcode 'outputs' to avoid re-running this script phase.\necho \"SUCCESS\" > \"${SCRIPT_OUTPUT_FILE_0}\"\n";
			showEnvVarsInLog = 0;
		};
/* End PBXShellScriptBuildPhase section */

/* Begin PBXSourcesBuildPhase section */
		4491A7BE243C70780081732B /* Sources */ = {
			isa = PBXSourcesBuildPhase;
			buildActionMask = 2147483647;
			files = (
				4491A7CD243C70780081732B /* ViewController.m in Sources */,
				4491A7FF243DA8770081732B /* YogaBase.swift in Sources */,
				4491A7C7243C70780081732B /* AppDelegate.m in Sources */,
				4491A7D8243C707C0081732B /* main.m in Sources */,
				4491A7CA243C70780081732B /* SceneDelegate.m in Sources */,
			);
			runOnlyForDeploymentPostprocessing = 0;
		};
		4491A7D9243C707C0081732B /* Sources */ = {
			isa = PBXSourcesBuildPhase;
			buildActionMask = 2147483647;
			files = (
				4491A7E2243C707C0081732B /* iOSDemoTests.m in Sources */,
			);
			runOnlyForDeploymentPostprocessing = 0;
		};
		4491A7E4243C707C0081732B /* Sources */ = {
			isa = PBXSourcesBuildPhase;
			buildActionMask = 2147483647;
			files = (
				4491A7ED243C707C0081732B /* iOSDemoUITests.m in Sources */,
			);
			runOnlyForDeploymentPostprocessing = 0;
		};
/* End PBXSourcesBuildPhase section */

/* Begin PBXTargetDependency section */
		4491A7DF243C707C0081732B /* PBXTargetDependency */ = {
			isa = PBXTargetDependency;
			target = 4491A7C1243C70780081732B /* iOSDemo */;
			targetProxy = 4491A7DE243C707C0081732B /* PBXContainerItemProxy */;
		};
		4491A7EA243C707C0081732B /* PBXTargetDependency */ = {
			isa = PBXTargetDependency;
			target = 4491A7C1243C70780081732B /* iOSDemo */;
			targetProxy = 4491A7E9243C707C0081732B /* PBXContainerItemProxy */;
		};
/* End PBXTargetDependency section */

/* Begin PBXVariantGroup section */
		4491A7CE243C70780081732B /* Main.storyboard */ = {
			isa = PBXVariantGroup;
			children = (
				4491A7CF243C70780081732B /* Base */,
			);
			name = Main.storyboard;
			sourceTree = "<group>";
		};
		4491A7D3243C707C0081732B /* LaunchScreen.storyboard */ = {
			isa = PBXVariantGroup;
			children = (
				4491A7D4243C707C0081732B /* Base */,
			);
			name = LaunchScreen.storyboard;
			sourceTree = "<group>";
		};
/* End PBXVariantGroup section */

/* Begin XCBuildConfiguration section */
		4491A7EF243C707C0081732B /* Debug */ = {
			isa = XCBuildConfiguration;
			buildSettings = {
				ALWAYS_SEARCH_USER_PATHS = NO;
				CLANG_ANALYZER_NONNULL = YES;
				CLANG_ANALYZER_NUMBER_OBJECT_CONVERSION = YES_AGGRESSIVE;
				CLANG_CXX_LANGUAGE_STANDARD = "gnu++14";
				CLANG_CXX_LIBRARY = "libc++";
				CLANG_ENABLE_MODULES = YES;
				CLANG_ENABLE_OBJC_ARC = YES;
				CLANG_ENABLE_OBJC_WEAK = YES;
				CLANG_WARN_BLOCK_CAPTURE_AUTORELEASING = YES;
				CLANG_WARN_BOOL_CONVERSION = YES;
				CLANG_WARN_COMMA = YES;
				CLANG_WARN_CONSTANT_CONVERSION = YES;
				CLANG_WARN_DEPRECATED_OBJC_IMPLEMENTATIONS = YES;
				CLANG_WARN_DIRECT_OBJC_ISA_USAGE = YES_ERROR;
				CLANG_WARN_DOCUMENTATION_COMMENTS = YES;
				CLANG_WARN_EMPTY_BODY = YES;
				CLANG_WARN_ENUM_CONVERSION = YES;
				CLANG_WARN_INFINITE_RECURSION = YES;
				CLANG_WARN_INT_CONVERSION = YES;
				CLANG_WARN_NON_LITERAL_NULL_CONVERSION = YES;
				CLANG_WARN_OBJC_IMPLICIT_RETAIN_SELF = YES;
				CLANG_WARN_OBJC_LITERAL_CONVERSION = YES;
				CLANG_WARN_OBJC_ROOT_CLASS = YES_ERROR;
				CLANG_WARN_RANGE_LOOP_ANALYSIS = YES;
				CLANG_WARN_STRICT_PROTOTYPES = YES;
				CLANG_WARN_SUSPICIOUS_MOVE = YES;
				CLANG_WARN_UNGUARDED_AVAILABILITY = YES_AGGRESSIVE;
				CLANG_WARN_UNREACHABLE_CODE = YES;
				CLANG_WARN__DUPLICATE_METHOD_MATCH = YES;
				COPY_PHASE_STRIP = NO;
				DEBUG_INFORMATION_FORMAT = dwarf;
				ENABLE_STRICT_OBJC_MSGSEND = YES;
				ENABLE_TESTABILITY = YES;
				GCC_C_LANGUAGE_STANDARD = gnu11;
				GCC_DYNAMIC_NO_PIC = NO;
				GCC_NO_COMMON_BLOCKS = YES;
				GCC_OPTIMIZATION_LEVEL = 0;
				GCC_PREPROCESSOR_DEFINITIONS = (
					"DEBUG=1",
					"$(inherited)",
				);
				GCC_WARN_64_TO_32_BIT_CONVERSION = YES;
				GCC_WARN_ABOUT_RETURN_TYPE = YES_ERROR;
				GCC_WARN_UNDECLARED_SELECTOR = YES;
				GCC_WARN_UNINITIALIZED_AUTOS = YES_AGGRESSIVE;
				GCC_WARN_UNUSED_FUNCTION = YES;
				GCC_WARN_UNUSED_VARIABLE = YES;
				IPHONEOS_DEPLOYMENT_TARGET = 10.0;
				MTL_ENABLE_DEBUG_INFO = INCLUDE_SOURCE;
				MTL_FAST_MATH = YES;
				ONLY_ACTIVE_ARCH = YES;
				SDKROOT = iphoneos;
			};
			name = Debug;
		};
		4491A7F0243C707C0081732B /* Release */ = {
			isa = XCBuildConfiguration;
			buildSettings = {
				ALWAYS_SEARCH_USER_PATHS = NO;
				CLANG_ANALYZER_NONNULL = YES;
				CLANG_ANALYZER_NUMBER_OBJECT_CONVERSION = YES_AGGRESSIVE;
				CLANG_CXX_LANGUAGE_STANDARD = "gnu++14";
				CLANG_CXX_LIBRARY = "libc++";
				CLANG_ENABLE_MODULES = YES;
				CLANG_ENABLE_OBJC_ARC = YES;
				CLANG_ENABLE_OBJC_WEAK = YES;
				CLANG_WARN_BLOCK_CAPTURE_AUTORELEASING = YES;
				CLANG_WARN_BOOL_CONVERSION = YES;
				CLANG_WARN_COMMA = YES;
				CLANG_WARN_CONSTANT_CONVERSION = YES;
				CLANG_WARN_DEPRECATED_OBJC_IMPLEMENTATIONS = YES;
				CLANG_WARN_DIRECT_OBJC_ISA_USAGE = YES_ERROR;
				CLANG_WARN_DOCUMENTATION_COMMENTS = YES;
				CLANG_WARN_EMPTY_BODY = YES;
				CLANG_WARN_ENUM_CONVERSION = YES;
				CLANG_WARN_INFINITE_RECURSION = YES;
				CLANG_WARN_INT_CONVERSION = YES;
				CLANG_WARN_NON_LITERAL_NULL_CONVERSION = YES;
				CLANG_WARN_OBJC_IMPLICIT_RETAIN_SELF = YES;
				CLANG_WARN_OBJC_LITERAL_CONVERSION = YES;
				CLANG_WARN_OBJC_ROOT_CLASS = YES_ERROR;
				CLANG_WARN_RANGE_LOOP_ANALYSIS = YES;
				CLANG_WARN_STRICT_PROTOTYPES = YES;
				CLANG_WARN_SUSPICIOUS_MOVE = YES;
				CLANG_WARN_UNGUARDED_AVAILABILITY = YES_AGGRESSIVE;
				CLANG_WARN_UNREACHABLE_CODE = YES;
				CLANG_WARN__DUPLICATE_METHOD_MATCH = YES;
				COPY_PHASE_STRIP = NO;
				DEBUG_INFORMATION_FORMAT = "dwarf-with-dsym";
				ENABLE_NS_ASSERTIONS = NO;
				ENABLE_STRICT_OBJC_MSGSEND = YES;
				GCC_C_LANGUAGE_STANDARD = gnu11;
				GCC_NO_COMMON_BLOCKS = YES;
				GCC_WARN_64_TO_32_BIT_CONVERSION = YES;
				GCC_WARN_ABOUT_RETURN_TYPE = YES_ERROR;
				GCC_WARN_UNDECLARED_SELECTOR = YES;
				GCC_WARN_UNINITIALIZED_AUTOS = YES_AGGRESSIVE;
				GCC_WARN_UNUSED_FUNCTION = YES;
				GCC_WARN_UNUSED_VARIABLE = YES;
				IPHONEOS_DEPLOYMENT_TARGET = 10.0;
				MTL_ENABLE_DEBUG_INFO = NO;
				MTL_FAST_MATH = YES;
				SDKROOT = iphoneos;
				SWIFT_COMPILATION_MODE = wholemodule;
				VALIDATE_PRODUCT = YES;
			};
			name = Release;
		};
		4491A7F2243C707C0081732B /* Debug */ = {
			isa = XCBuildConfiguration;
			baseConfigurationReference = 5E5522E065ECD4C9F78DDCDA /* Pods-iOSDemo.debug.xcconfig */;
			buildSettings = {
				ASSETCATALOG_COMPILER_APPICON_NAME = AppIcon;
				CLANG_ENABLE_MODULES = YES;
				CODE_SIGN_STYLE = Automatic;
				DEVELOPMENT_TEAM = A5H2EWEGW3;
				INFOPLIST_FILE = iOSDemo/Info.plist;
				LD_RUNPATH_SEARCH_PATHS = (
					"$(inherited)",
					"@executable_path/Frameworks",
				);
				PRODUCT_BUNDLE_IDENTIFIER = com.lance.iOSDemo;
				PRODUCT_NAME = "$(TARGET_NAME)";
				SWIFT_OBJC_BRIDGING_HEADER = "iOSDemo/iOSDemo-Bridging-Header.h";
				SWIFT_OPTIMIZATION_LEVEL = "-Onone";
				SWIFT_VERSION = 5.0;
				TARGETED_DEVICE_FAMILY = "1,2";
			};
			name = Debug;
		};
		4491A7F3243C707C0081732B /* Release */ = {
			isa = XCBuildConfiguration;
			baseConfigurationReference = 3B4C1CC9FDE13C5E7AEEA58B /* Pods-iOSDemo.release.xcconfig */;
			buildSettings = {
				ASSETCATALOG_COMPILER_APPICON_NAME = AppIcon;
				CLANG_ENABLE_MODULES = YES;
				CODE_SIGN_STYLE = Automatic;
				DEVELOPMENT_TEAM = A5H2EWEGW3;
				INFOPLIST_FILE = iOSDemo/Info.plist;
				LD_RUNPATH_SEARCH_PATHS = (
					"$(inherited)",
					"@executable_path/Frameworks",
				);
				PRODUCT_BUNDLE_IDENTIFIER = com.lance.iOSDemo;
				PRODUCT_NAME = "$(TARGET_NAME)";
				SWIFT_OBJC_BRIDGING_HEADER = "iOSDemo/iOSDemo-Bridging-Header.h";
				SWIFT_VERSION = 5.0;
				TARGETED_DEVICE_FAMILY = "1,2";
			};
			name = Release;
		};
		4491A7F5243C707C0081732B /* Debug */ = {
			isa = XCBuildConfiguration;
			baseConfigurationReference = C4F50B2BC2233E97679643EF /* Pods-iOSDemoTests.debug.xcconfig */;
			buildSettings = {
				ALWAYS_EMBED_SWIFT_STANDARD_LIBRARIES = YES;
				BUNDLE_LOADER = "$(TEST_HOST)";
				CODE_SIGN_STYLE = Automatic;
				DEVELOPMENT_TEAM = A5H2EWEGW3;
				INFOPLIST_FILE = iOSDemoTests/Info.plist;
				IPHONEOS_DEPLOYMENT_TARGET = 13.4;
				LD_RUNPATH_SEARCH_PATHS = (
					"$(inherited)",
					"@executable_path/Frameworks",
					"@loader_path/Frameworks",
				);
				PRODUCT_BUNDLE_IDENTIFIER = com.lance.iOSDemoTests;
				PRODUCT_NAME = "$(TARGET_NAME)";
				TARGETED_DEVICE_FAMILY = "1,2";
				TEST_HOST = "$(BUILT_PRODUCTS_DIR)/iOSDemo.app/iOSDemo";
			};
			name = Debug;
		};
		4491A7F6243C707C0081732B /* Release */ = {
			isa = XCBuildConfiguration;
			baseConfigurationReference = 7EC91574221F328C112D6E1E /* Pods-iOSDemoTests.release.xcconfig */;
			buildSettings = {
				ALWAYS_EMBED_SWIFT_STANDARD_LIBRARIES = YES;
				BUNDLE_LOADER = "$(TEST_HOST)";
				CODE_SIGN_STYLE = Automatic;
				DEVELOPMENT_TEAM = A5H2EWEGW3;
				INFOPLIST_FILE = iOSDemoTests/Info.plist;
				IPHONEOS_DEPLOYMENT_TARGET = 13.4;
				LD_RUNPATH_SEARCH_PATHS = (
					"$(inherited)",
					"@executable_path/Frameworks",
					"@loader_path/Frameworks",
				);
				PRODUCT_BUNDLE_IDENTIFIER = com.lance.iOSDemoTests;
				PRODUCT_NAME = "$(TARGET_NAME)";
				TARGETED_DEVICE_FAMILY = "1,2";
				TEST_HOST = "$(BUILT_PRODUCTS_DIR)/iOSDemo.app/iOSDemo";
			};
			name = Release;
		};
		4491A7F8243C707C0081732B /* Debug */ = {
			isa = XCBuildConfiguration;
			baseConfigurationReference = B68DA01D8366A1516256ACDB /* Pods-iOSDemo-iOSDemoUITests.debug.xcconfig */;
			buildSettings = {
				ALWAYS_EMBED_SWIFT_STANDARD_LIBRARIES = YES;
				CODE_SIGN_STYLE = Automatic;
				DEVELOPMENT_TEAM = A5H2EWEGW3;
				INFOPLIST_FILE = iOSDemoUITests/Info.plist;
				LD_RUNPATH_SEARCH_PATHS = (
					"$(inherited)",
					"@executable_path/Frameworks",
					"@loader_path/Frameworks",
				);
				PRODUCT_BUNDLE_IDENTIFIER = com.lance.iOSDemoUITests;
				PRODUCT_NAME = "$(TARGET_NAME)";
				TARGETED_DEVICE_FAMILY = "1,2";
				TEST_TARGET_NAME = iOSDemo;
			};
			name = Debug;
		};
		4491A7F9243C707C0081732B /* Release */ = {
			isa = XCBuildConfiguration;
			baseConfigurationReference = A9687E621D6B84C8119E3004 /* Pods-iOSDemo-iOSDemoUITests.release.xcconfig */;
			buildSettings = {
				ALWAYS_EMBED_SWIFT_STANDARD_LIBRARIES = YES;
				CODE_SIGN_STYLE = Automatic;
				DEVELOPMENT_TEAM = A5H2EWEGW3;
				INFOPLIST_FILE = iOSDemoUITests/Info.plist;
				LD_RUNPATH_SEARCH_PATHS = (
					"$(inherited)",
					"@executable_path/Frameworks",
					"@loader_path/Frameworks",
				);
				PRODUCT_BUNDLE_IDENTIFIER = com.lance.iOSDemoUITests;
				PRODUCT_NAME = "$(TARGET_NAME)";
				TARGETED_DEVICE_FAMILY = "1,2";
				TEST_TARGET_NAME = iOSDemo;
			};
			name = Release;
		};
/* End XCBuildConfiguration section */

/* Begin XCConfigurationList section */
		4491A7BD243C70780081732B /* Build configuration list for PBXProject "iOSDemo" */ = {
			isa = XCConfigurationList;
			buildConfigurations = (
				4491A7EF243C707C0081732B /* Debug */,
				4491A7F0243C707C0081732B /* Release */,
			);
			defaultConfigurationIsVisible = 0;
			defaultConfigurationName = Release;
		};
		4491A7F1243C707C0081732B /* Build configuration list for PBXNativeTarget "iOSDemo" */ = {
			isa = XCConfigurationList;
			buildConfigurations = (
				4491A7F2243C707C0081732B /* Debug */,
				4491A7F3243C707C0081732B /* Release */,
			);
			defaultConfigurationIsVisible = 0;
			defaultConfigurationName = Release;
		};
		4491A7F4243C707C0081732B /* Build configuration list for PBXNativeTarget "iOSDemoTests" */ = {
			isa = XCConfigurationList;
			buildConfigurations = (
				4491A7F5243C707C0081732B /* Debug */,
				4491A7F6243C707C0081732B /* Release */,
			);
			defaultConfigurationIsVisible = 0;
			defaultConfigurationName = Release;
		};
		4491A7F7243C707C0081732B /* Build configuration list for PBXNativeTarget "iOSDemoUITests" */ = {
			isa = XCConfigurationList;
			buildConfigurations = (
				4491A7F8243C707C0081732B /* Debug */,
				4491A7F9243C707C0081732B /* Release */,
			);
			defaultConfigurationIsVisible = 0;
			defaultConfigurationName = Release;
		};
/* End XCConfigurationList section */
	};
	rootObject = 4491A7BA243C70780081732B /* Project object */;
}
